
Microsoft Visual Studio Solution File, Format Version 12.00
# Visual Studio Version 17
VisualStudioVersion = 17.0.31903.59
MinimumVisualStudioVersion = 10.0.40219.1
Project("{9A19103F-16F7-4668-BE54-9A1E7A4F7556}") = "FilediskProxyNet", "FilediskProxyNet\FilediskProxyNet.csproj", "{FA7CBD6E-56E0-407E-BC49-18A60B12E104}"
EndProject
Project("{9A19103F-16F7-4668-BE54-9A1E7A4F7556}") = "Deveel.Math", "Deveel.Math\Deveel.Math.csproj", "{615CCA2C-D1E1-472D-A17E-833AADB0E908}"
EndProject
Project("{8BC9CEB8-8B4A-11D0-8D11-00A0C91BC942}") = "FilediskProxyNative", "FilediskProxyNative\FilediskProxyNative.vcxproj", "{CBF19176-24E4-423B-A001-32108A6FB47B}"
EndProject
Project("{8BC9CEB8-8B4A-11D0-8D11-00A0C91BC942}") = "filedisk-proxy", "filedisk-proxy\filedisk-proxy.vcxproj", "{3FA6B524-925F-45EE-85C3-B7CA0522DE25}"
EndProject
Project("{8BC9CEB8-8B4A-11D0-8D11-00A0C91BC942}") = "FilediskProxyManaged", "FilediskProxyManaged\FilediskProxyManaged.vcxproj", "{B25CC754-B5EB-448E-8BC0-CAB808F9E075}"
EndProject
Global
	GlobalSection(SolutionConfigurationPlatforms) = preSolution
		Debug|Any CPU = Debug|Any CPU
		Debug|ARM = Debug|ARM
		Debug|ARM32 = Debug|ARM32
		Debug|ARM64 = Debug|ARM64
		Debug|x64 = Debug|x64
		Debug|x86 = Debug|x86
		Release|Any CPU = Release|Any CPU
		Release|ARM = Release|ARM
		Release|ARM32 = Release|ARM32
		Release|ARM64 = Release|ARM64
		Release|x64 = Release|x64
		Release|x86 = Release|x86
	EndGlobalSection
	GlobalSection(ProjectConfigurationPlatforms) = postSolution
		{FA7CBD6E-56E0-407E-BC49-18A60B12E104}.Debug|Any CPU.ActiveCfg = Debug|Any CPU
		{FA7CBD6E-56E0-407E-BC49-18A60B12E104}.Debug|Any CPU.Build.0 = Debug|Any CPU
		{FA7CBD6E-56E0-407E-BC49-18A60B12E104}.Debug|ARM.ActiveCfg = Debug|Any CPU
		{FA7CBD6E-56E0-407E-BC49-18A60B12E104}.Debug|ARM.Build.0 = Debug|Any CPU
		{FA7CBD6E-56E0-407E-BC49-18A60B12E104}.Debug|ARM32.ActiveCfg = Debug|Any CPU
		{FA7CBD6E-56E0-407E-BC49-18A60B12E104}.Debug|ARM32.Build.0 = Debug|Any CPU
		{FA7CBD6E-56E0-407E-BC49-18A60B12E104}.Debug|ARM64.ActiveCfg = Debug|Any CPU
		{FA7CBD6E-56E0-407E-BC49-18A60B12E104}.Debug|ARM64.Build.0 = Debug|Any CPU
		{FA7CBD6E-56E0-407E-BC49-18A60B12E104}.Debug|x64.ActiveCfg = Debug|Any CPU
		{FA7CBD6E-56E0-407E-BC49-18A60B12E104}.Debug|x64.Build.0 = Debug|Any CPU
		{FA7CBD6E-56E0-407E-BC49-18A60B12E104}.Debug|x86.ActiveCfg = Debug|Any CPU
		{FA7CBD6E-56E0-407E-BC49-18A60B12E104}.Debug|x86.Build.0 = Debug|Any CPU
		{FA7CBD6E-56E0-407E-BC49-18A60B12E104}.Release|Any CPU.ActiveCfg = Release|Any CPU
		{FA7CBD6E-56E0-407E-BC49-18A60B12E104}.Release|Any CPU.Build.0 = Release|Any CPU
		{FA7CBD6E-56E0-407E-BC49-18A60B12E104}.Release|ARM.ActiveCfg = Release|Any CPU
		{FA7CBD6E-56E0-407E-BC49-18A60B12E104}.Release|ARM.Build.0 = Release|Any CPU
		{FA7CBD6E-56E0-407E-BC49-18A60B12E104}.Release|ARM32.ActiveCfg = Release|Any CPU
		{FA7CBD6E-56E0-407E-BC49-18A60B12E104}.Release|ARM32.Build.0 = Release|Any CPU
		{FA7CBD6E-56E0-407E-BC49-18A60B12E104}.Release|ARM64.ActiveCfg = Release|Any CPU
		{FA7CBD6E-56E0-407E-BC49-18A60B12E104}.Release|ARM64.Build.0 = Release|Any CPU
		{FA7CBD6E-56E0-407E-BC49-18A60B12E104}.Release|x64.ActiveCfg = Release|x64
		{FA7CBD6E-56E0-407E-BC49-18A60B12E104}.Release|x64.Build.0 = Release|x64
		{FA7CBD6E-56E0-407E-BC49-18A60B12E104}.Release|x86.ActiveCfg = Release|Any CPU
		{FA7CBD6E-56E0-407E-BC49-18A60B12E104}.Release|x86.Build.0 = Release|Any CPU
		{615CCA2C-D1E1-472D-A17E-833AADB0E908}.Debug|Any CPU.ActiveCfg = Debug|Any CPU
		{615CCA2C-D1E1-472D-A17E-833AADB0E908}.Debug|Any CPU.Build.0 = Debug|Any CPU
		{615CCA2C-D1E1-472D-A17E-833AADB0E908}.Debug|ARM.ActiveCfg = Debug|Any CPU
		{615CCA2C-D1E1-472D-A17E-833AADB0E908}.Debug|ARM.Build.0 = Debug|Any CPU
		{615CCA2C-D1E1-472D-A17E-833AADB0E908}.Debug|ARM32.ActiveCfg = Debug|ARM32
		{615CCA2C-D1E1-472D-A17E-833AADB0E908}.Debug|ARM32.Build.0 = Debug|ARM32
		{615CCA2C-D1E1-472D-A17E-833AADB0E908}.Debug|ARM64.ActiveCfg = Debug|Any CPU
		{615CCA2C-D1E1-472D-A17E-833AADB0E908}.Debug|ARM64.Build.0 = Debug|Any CPU
		{615CCA2C-D1E1-472D-A17E-833AADB0E908}.Debug|x64.ActiveCfg = Debug|x64
		{615CCA2C-D1E1-472D-A17E-833AADB0E908}.Debug|x64.Build.0 = Debug|x64
		{615CCA2C-D1E1-472D-A17E-833AADB0E908}.Debug|x86.ActiveCfg = Debug|Any CPU
		{615CCA2C-D1E1-472D-A17E-833AADB0E908}.Debug|x86.Build.0 = Debug|Any CPU
		{615CCA2C-D1E1-472D-A17E-833AADB0E908}.Release|Any CPU.ActiveCfg = Release|Any CPU
		{615CCA2C-D1E1-472D-A17E-833AADB0E908}.Release|Any CPU.Build.0 = Release|Any CPU
		{615CCA2C-D1E1-472D-A17E-833AADB0E908}.Release|ARM.ActiveCfg = Release|Any CPU
		{615CCA2C-D1E1-472D-A17E-833AADB0E908}.Release|ARM.Build.0 = Release|Any CPU
		{615CCA2C-D1E1-472D-A17E-833AADB0E908}.Release|ARM32.ActiveCfg = Release|ARM32
		{615CCA2C-D1E1-472D-A17E-833AADB0E908}.Release|ARM32.Build.0 = Release|ARM32
		{615CCA2C-D1E1-472D-A17E-833AADB0E908}.Release|ARM64.ActiveCfg = Release|Any CPU
		{615CCA2C-D1E1-472D-A17E-833AADB0E908}.Release|ARM64.Build.0 = Release|Any CPU
		{615CCA2C-D1E1-472D-A17E-833AADB0E908}.Release|x64.ActiveCfg = Release|x64
		{615CCA2C-D1E1-472D-A17E-833AADB0E908}.Release|x64.Build.0 = Release|x64
		{615CCA2C-D1E1-472D-A17E-833AADB0E908}.Release|x86.ActiveCfg = Release|Any CPU
		{615CCA2C-D1E1-472D-A17E-833AADB0E908}.Release|x86.Build.0 = Release|Any CPU
		{CBF19176-24E4-423B-A001-32108A6FB47B}.Debug|Any CPU.ActiveCfg = Debug|x64
		{CBF19176-24E4-423B-A001-32108A6FB47B}.Debug|Any CPU.Build.0 = Debug|x64
		{CBF19176-24E4-423B-A001-32108A6FB47B}.Debug|ARM.ActiveCfg = Debug|x64
		{CBF19176-24E4-423B-A001-32108A6FB47B}.Debug|ARM.Build.0 = Debug|x64
		{CBF19176-24E4-423B-A001-32108A6FB47B}.Debug|ARM32.ActiveCfg = Debug|x64
		{CBF19176-24E4-423B-A001-32108A6FB47B}.Debug|ARM32.Build.0 = Debug|x64
		{CBF19176-24E4-423B-A001-32108A6FB47B}.Debug|ARM64.ActiveCfg = Debug|x64
		{CBF19176-24E4-423B-A001-32108A6FB47B}.Debug|ARM64.Build.0 = Debug|x64
		{CBF19176-24E4-423B-A001-32108A6FB47B}.Debug|x64.ActiveCfg = Debug|x64
		{CBF19176-24E4-423B-A001-32108A6FB47B}.Debug|x64.Build.0 = Debug|x64
		{CBF19176-24E4-423B-A001-32108A6FB47B}.Debug|x86.ActiveCfg = Debug|Win32
		{CBF19176-24E4-423B-A001-32108A6FB47B}.Debug|x86.Build.0 = Debug|Win32
		{CBF19176-24E4-423B-A001-32108A6FB47B}.Release|Any CPU.ActiveCfg = Release|x64
		{CBF19176-24E4-423B-A001-32108A6FB47B}.Release|Any CPU.Build.0 = Release|x64
		{CBF19176-24E4-423B-A001-32108A6FB47B}.Release|ARM.ActiveCfg = Release|x64
		{CBF19176-24E4-423B-A001-32108A6FB47B}.Release|ARM.Build.0 = Release|x64
		{CBF19176-24E4-423B-A001-32108A6FB47B}.Release|ARM32.ActiveCfg = Release|x64
		{CBF19176-24E4-423B-A001-32108A6FB47B}.Release|ARM32.Build.0 = Release|x64
		{CBF19176-24E4-423B-A001-32108A6FB47B}.Release|ARM64.ActiveCfg = Release|x64
		{CBF19176-24E4-423B-A001-32108A6FB47B}.Release|ARM64.Build.0 = Release|x64
		{CBF19176-24E4-423B-A001-32108A6FB47B}.Release|x64.ActiveCfg = Release|x64
		{CBF19176-24E4-423B-A001-32108A6FB47B}.Release|x64.Build.0 = Release|x64
		{CBF19176-24E4-423B-A001-32108A6FB47B}.Release|x86.ActiveCfg = Release|Win32
		{CBF19176-24E4-423B-A001-32108A6FB47B}.Release|x86.Build.0 = Release|Win32
		{3FA6B524-925F-45EE-85C3-B7CA0522DE25}.Debug|Any CPU.ActiveCfg = Debug|x64
		{3FA6B524-925F-45EE-85C3-B7CA0522DE25}.Debug|Any CPU.Build.0 = Debug|x64
		{3FA6B524-925F-45EE-85C3-B7CA0522DE25}.Debug|ARM.ActiveCfg = Debug|ARM
		{3FA6B524-925F-45EE-85C3-B7CA0522DE25}.Debug|ARM.Build.0 = Debug|ARM
		{3FA6B524-925F-45EE-85C3-B7CA0522DE25}.Debug|ARM32.ActiveCfg = Debug|x64
		{3FA6B524-925F-45EE-85C3-B7CA0522DE25}.Debug|ARM32.Build.0 = Debug|x64
		{3FA6B524-925F-45EE-85C3-B7CA0522DE25}.Debug|ARM64.ActiveCfg = Debug|ARM64
		{3FA6B524-925F-45EE-85C3-B7CA0522DE25}.Debug|ARM64.Build.0 = Debug|ARM64
		{3FA6B524-925F-45EE-85C3-B7CA0522DE25}.Debug|x64.ActiveCfg = Debug|x64
		{3FA6B524-925F-45EE-85C3-B7CA0522DE25}.Debug|x64.Build.0 = Debug|x64
		{3FA6B524-925F-45EE-85C3-B7CA0522DE25}.Debug|x86.ActiveCfg = Debug|Win32
		{3FA6B524-925F-45EE-85C3-B7CA0522DE25}.Debug|x86.Build.0 = Debug|Win32
		{3FA6B524-925F-45EE-85C3-B7CA0522DE25}.Release|Any CPU.ActiveCfg = Release|x64
		{3FA6B524-925F-45EE-85C3-B7CA0522DE25}.Release|Any CPU.Build.0 = Release|x64
		{3FA6B524-925F-45EE-85C3-B7CA0522DE25}.Release|ARM.ActiveCfg = Release|ARM
		{3FA6B524-925F-45EE-85C3-B7CA0522DE25}.Release|ARM.Build.0 = Release|ARM
		{3FA6B524-925F-45EE-85C3-B7CA0522DE25}.Release|ARM32.ActiveCfg = Release|x64
		{3FA6B524-925F-45EE-85C3-B7CA0522DE25}.Release|ARM32.Build.0 = Release|x64
		{3FA6B524-925F-45EE-85C3-B7CA0522DE25}.Release|ARM64.ActiveCfg = Release|ARM64
		{3FA6B524-925F-45EE-85C3-B7CA0522DE25}.Release|ARM64.Build.0 = Release|ARM64
		{3FA6B524-925F-45EE-85C3-B7CA0522DE25}.Release|x64.ActiveCfg = Release|x64
		{3FA6B524-925F-45EE-85C3-B7CA0522DE25}.Release|x64.Build.0 = Release|x64
		{3FA6B524-925F-45EE-85C3-B7CA0522DE25}.Release|x86.ActiveCfg = Release|Win32
		{3FA6B524-925F-45EE-85C3-B7CA0522DE25}.Release|x86.Build.0 = Release|Win32
		{B25CC754-B5EB-448E-8BC0-CAB808F9E075}.Debug|Any CPU.ActiveCfg = Debug|x64
		{B25CC754-B5EB-448E-8BC0-CAB808F9E075}.Debug|Any CPU.Build.0 = Debug|x64
		{B25CC754-B5EB-448E-8BC0-CAB808F9E075}.Debug|ARM.ActiveCfg = Debug|x64
		{B25CC754-B5EB-448E-8BC0-CAB808F9E075}.Debug|ARM.Build.0 = Debug|x64
		{B25CC754-B5EB-448E-8BC0-CAB808F9E075}.Debug|ARM32.ActiveCfg = Debug|x64
		{B25CC754-B5EB-448E-8BC0-CAB808F9E075}.Debug|ARM32.Build.0 = Debug|x64
		{B25CC754-B5EB-448E-8BC0-CAB808F9E075}.Debug|ARM64.ActiveCfg = Debug|x64
		{B25CC754-B5EB-448E-8BC0-CAB808F9E075}.Debug|ARM64.Build.0 = Debug|x64
		{B25CC754-B5EB-448E-8BC0-CAB808F9E075}.Debug|x64.ActiveCfg = Debug|x64
		{B25CC754-B5EB-448E-8BC0-CAB808F9E075}.Debug|x64.Build.0 = Debug|x64
		{B25CC754-B5EB-448E-8BC0-CAB808F9E075}.Debug|x86.ActiveCfg = Debug|Win32
		{B25CC754-B5EB-448E-8BC0-CAB808F9E075}.Debug|x86.Build.0 = Debug|Win32
		{B25CC754-B5EB-448E-8BC0-CAB808F9E075}.Release|Any CPU.ActiveCfg = Release|x64
		{B25CC754-B5EB-448E-8BC0-CAB808F9E075}.Release|Any CPU.Build.0 = Release|x64
		{B25CC754-B5EB-448E-8BC0-CAB808F9E075}.Release|ARM.ActiveCfg = Release|x64
		{B25CC754-B5EB-448E-8BC0-CAB808F9E075}.Release|ARM.Build.0 = Release|x64
		{B25CC754-B5EB-448E-8BC0-CAB808F9E075}.Release|ARM32.ActiveCfg = Release|x64
		{B25CC754-B5EB-448E-8BC0-CAB808F9E075}.Release|ARM32.Build.0 = Release|x64
		{B25CC754-B5EB-448E-8BC0-CAB808F9E075}.Release|ARM64.ActiveCfg = Release|x64
		{B25CC754-B5EB-448E-8BC0-CAB808F9E075}.Release|ARM64.Build.0 = Release|x64
		{B25CC754-B5EB-448E-8BC0-CAB808F9E075}.Release|x64.ActiveCfg = Release|x64
		{B25CC754-B5EB-448E-8BC0-CAB808F9E075}.Release|x64.Build.0 = Release|x64
		{B25CC754-B5EB-448E-8BC0-CAB808F9E075}.Release|x86.ActiveCfg = Release|Win32
		{B25CC754-B5EB-448E-8BC0-CAB808F9E075}.Release|x86.Build.0 = Release|Win32
	EndGlobalSection
	GlobalSection(SolutionProperties) = preSolution
		HideSolutionNode = FALSE
	EndGlobalSection
	GlobalSection(ExtensibilityGlobals) = postSolution
		SolutionGuid = {72B5E25D-AB57-42C2-812D-69828162848C}
	EndGlobalSection
EndGlobal
