
Microsoft Visual Studio Solution File, Format Version 12.00
# Visual Studio Version 16
VisualStudioVersion = 16.0.30709.132
MinimumVisualStudioVersion = 10.0.40219.1
Project("{FAE04EC0-301F-11D3-BF4B-00C04F79EFBC}") = "FilediskProxyNet", "FilediskProxyNet\FilediskProxyNet.csproj", "{F4482F29-7997-40A3-8AD0-832E5B900CDD}"
EndProject
Project("{FAE04EC0-301F-11D3-BF4B-00C04F79EFBC}") = "Deveel.Math", "..\deveel-math-dmath-1.7.0.108\src\Deveel.Math\Deveel.Math.csproj", "{DAB16486-ED07-4D2D-8E09-DB259C583F02}"
EndProject
Project("{8BC9CEB8-8B4A-11D0-8D11-00A0C91BC942}") = "FilediskProxyNative", "FilediskProxyNative\FilediskProxyNative.vcxproj", "{DF33E7D2-E0E3-4160-962B-509F1B68975E}"
EndProject
Project("{8BC9CEB8-8B4A-11D0-8D11-00A0C91BC942}") = "FilediskProxyManaged", "FilediskProxyManaged\FilediskProxyManaged.vcxproj", "{C0B28A84-0D60-4D27-8873-01FF9BF26E40}"
EndProject
Project("{8BC9CEB8-8B4A-11D0-8D11-00A0C91BC942}") = "filedisk-proxy", "..\filedisk-proxy\filedisk-proxy.vcxproj", "{3FA6B524-925F-45EE-85C3-B7CA0522DE25}"
EndProject
Global
	GlobalSection(SolutionConfigurationPlatforms) = preSolution
		Debug - Signed|Any CPU = Debug - Signed|Any CPU
		Debug - Signed|ARM = Debug - Signed|ARM
		Debug - Signed|ARM64 = Debug - Signed|ARM64
		Debug - Signed|x64 = Debug - Signed|x64
		Debug - Signed|x86 = Debug - Signed|x86
		Debug|Any CPU = Debug|Any CPU
		Debug|ARM = Debug|ARM
		Debug|ARM64 = Debug|ARM64
		Debug|x64 = Debug|x64
		Debug|x86 = Debug|x86
		Release - Signed|Any CPU = Release - Signed|Any CPU
		Release - Signed|ARM = Release - Signed|ARM
		Release - Signed|ARM64 = Release - Signed|ARM64
		Release - Signed|x64 = Release - Signed|x64
		Release - Signed|x86 = Release - Signed|x86
		Release|Any CPU = Release|Any CPU
		Release|ARM = Release|ARM
		Release|ARM64 = Release|ARM64
		Release|x64 = Release|x64
		Release|x86 = Release|x86
		Release-PCL|Any CPU = Release-PCL|Any CPU
		Release-PCL|ARM = Release-PCL|ARM
		Release-PCL|ARM64 = Release-PCL|ARM64
		Release-PCL|x64 = Release-PCL|x64
		Release-PCL|x86 = Release-PCL|x86
	EndGlobalSection
	GlobalSection(ProjectConfigurationPlatforms) = postSolution
		{F4482F29-7997-40A3-8AD0-832E5B900CDD}.Debug - Signed|Any CPU.ActiveCfg = Debug|Any CPU
		{F4482F29-7997-40A3-8AD0-832E5B900CDD}.Debug - Signed|Any CPU.Build.0 = Debug|Any CPU
		{F4482F29-7997-40A3-8AD0-832E5B900CDD}.Debug - Signed|ARM.ActiveCfg = Debug|Any CPU
		{F4482F29-7997-40A3-8AD0-832E5B900CDD}.Debug - Signed|ARM.Build.0 = Debug|Any CPU
		{F4482F29-7997-40A3-8AD0-832E5B900CDD}.Debug - Signed|ARM64.ActiveCfg = Debug|Any CPU
		{F4482F29-7997-40A3-8AD0-832E5B900CDD}.Debug - Signed|ARM64.Build.0 = Debug|Any CPU
		{F4482F29-7997-40A3-8AD0-832E5B900CDD}.Debug - Signed|x64.ActiveCfg = Debug|Any CPU
		{F4482F29-7997-40A3-8AD0-832E5B900CDD}.Debug - Signed|x64.Build.0 = Debug|Any CPU
		{F4482F29-7997-40A3-8AD0-832E5B900CDD}.Debug - Signed|x86.ActiveCfg = Debug|Any CPU
		{F4482F29-7997-40A3-8AD0-832E5B900CDD}.Debug - Signed|x86.Build.0 = Debug|Any CPU
		{F4482F29-7997-40A3-8AD0-832E5B900CDD}.Debug|Any CPU.ActiveCfg = Debug|Any CPU
		{F4482F29-7997-40A3-8AD0-832E5B900CDD}.Debug|Any CPU.Build.0 = Debug|Any CPU
		{F4482F29-7997-40A3-8AD0-832E5B900CDD}.Debug|ARM.ActiveCfg = Debug|Any CPU
		{F4482F29-7997-40A3-8AD0-832E5B900CDD}.Debug|ARM.Build.0 = Debug|Any CPU
		{F4482F29-7997-40A3-8AD0-832E5B900CDD}.Debug|ARM64.ActiveCfg = Debug|Any CPU
		{F4482F29-7997-40A3-8AD0-832E5B900CDD}.Debug|ARM64.Build.0 = Debug|Any CPU
		{F4482F29-7997-40A3-8AD0-832E5B900CDD}.Debug|x64.ActiveCfg = Debug|x64
		{F4482F29-7997-40A3-8AD0-832E5B900CDD}.Debug|x64.Build.0 = Debug|x64
		{F4482F29-7997-40A3-8AD0-832E5B900CDD}.Debug|x86.ActiveCfg = Debug|Any CPU
		{F4482F29-7997-40A3-8AD0-832E5B900CDD}.Debug|x86.Build.0 = Debug|Any CPU
		{F4482F29-7997-40A3-8AD0-832E5B900CDD}.Release - Signed|Any CPU.ActiveCfg = Release|Any CPU
		{F4482F29-7997-40A3-8AD0-832E5B900CDD}.Release - Signed|Any CPU.Build.0 = Release|Any CPU
		{F4482F29-7997-40A3-8AD0-832E5B900CDD}.Release - Signed|ARM.ActiveCfg = Release|Any CPU
		{F4482F29-7997-40A3-8AD0-832E5B900CDD}.Release - Signed|ARM.Build.0 = Release|Any CPU
		{F4482F29-7997-40A3-8AD0-832E5B900CDD}.Release - Signed|ARM64.ActiveCfg = Release|Any CPU
		{F4482F29-7997-40A3-8AD0-832E5B900CDD}.Release - Signed|ARM64.Build.0 = Release|Any CPU
		{F4482F29-7997-40A3-8AD0-832E5B900CDD}.Release - Signed|x64.ActiveCfg = Release|Any CPU
		{F4482F29-7997-40A3-8AD0-832E5B900CDD}.Release - Signed|x64.Build.0 = Release|Any CPU
		{F4482F29-7997-40A3-8AD0-832E5B900CDD}.Release - Signed|x86.ActiveCfg = Release|Any CPU
		{F4482F29-7997-40A3-8AD0-832E5B900CDD}.Release - Signed|x86.Build.0 = Release|Any CPU
		{F4482F29-7997-40A3-8AD0-832E5B900CDD}.Release|Any CPU.ActiveCfg = Release|Any CPU
		{F4482F29-7997-40A3-8AD0-832E5B900CDD}.Release|Any CPU.Build.0 = Release|Any CPU
		{F4482F29-7997-40A3-8AD0-832E5B900CDD}.Release|ARM.ActiveCfg = Release|Any CPU
		{F4482F29-7997-40A3-8AD0-832E5B900CDD}.Release|ARM.Build.0 = Release|Any CPU
		{F4482F29-7997-40A3-8AD0-832E5B900CDD}.Release|ARM64.ActiveCfg = Release|Any CPU
		{F4482F29-7997-40A3-8AD0-832E5B900CDD}.Release|ARM64.Build.0 = Release|Any CPU
		{F4482F29-7997-40A3-8AD0-832E5B900CDD}.Release|x64.ActiveCfg = Release|x64
		{F4482F29-7997-40A3-8AD0-832E5B900CDD}.Release|x64.Build.0 = Release|x64
		{F4482F29-7997-40A3-8AD0-832E5B900CDD}.Release|x86.ActiveCfg = Release|Any CPU
		{F4482F29-7997-40A3-8AD0-832E5B900CDD}.Release|x86.Build.0 = Release|Any CPU
		{F4482F29-7997-40A3-8AD0-832E5B900CDD}.Release-PCL|Any CPU.ActiveCfg = Release|Any CPU
		{F4482F29-7997-40A3-8AD0-832E5B900CDD}.Release-PCL|Any CPU.Build.0 = Release|Any CPU
		{F4482F29-7997-40A3-8AD0-832E5B900CDD}.Release-PCL|ARM.ActiveCfg = Release|Any CPU
		{F4482F29-7997-40A3-8AD0-832E5B900CDD}.Release-PCL|ARM.Build.0 = Release|Any CPU
		{F4482F29-7997-40A3-8AD0-832E5B900CDD}.Release-PCL|ARM64.ActiveCfg = Release|Any CPU
		{F4482F29-7997-40A3-8AD0-832E5B900CDD}.Release-PCL|ARM64.Build.0 = Release|Any CPU
		{F4482F29-7997-40A3-8AD0-832E5B900CDD}.Release-PCL|x64.ActiveCfg = Release|Any CPU
		{F4482F29-7997-40A3-8AD0-832E5B900CDD}.Release-PCL|x64.Build.0 = Release|Any CPU
		{F4482F29-7997-40A3-8AD0-832E5B900CDD}.Release-PCL|x86.ActiveCfg = Release|Any CPU
		{F4482F29-7997-40A3-8AD0-832E5B900CDD}.Release-PCL|x86.Build.0 = Release|Any CPU
		{DAB16486-ED07-4D2D-8E09-DB259C583F02}.Debug - Signed|Any CPU.ActiveCfg = Debug - Signed|Any CPU
		{DAB16486-ED07-4D2D-8E09-DB259C583F02}.Debug - Signed|Any CPU.Build.0 = Debug - Signed|Any CPU
		{DAB16486-ED07-4D2D-8E09-DB259C583F02}.Debug - Signed|ARM.ActiveCfg = Debug - Signed|Any CPU
		{DAB16486-ED07-4D2D-8E09-DB259C583F02}.Debug - Signed|ARM.Build.0 = Debug - Signed|Any CPU
		{DAB16486-ED07-4D2D-8E09-DB259C583F02}.Debug - Signed|ARM64.ActiveCfg = Debug - Signed|Any CPU
		{DAB16486-ED07-4D2D-8E09-DB259C583F02}.Debug - Signed|ARM64.Build.0 = Debug - Signed|Any CPU
		{DAB16486-ED07-4D2D-8E09-DB259C583F02}.Debug - Signed|x64.ActiveCfg = Debug - Signed|x64
		{DAB16486-ED07-4D2D-8E09-DB259C583F02}.Debug - Signed|x64.Build.0 = Debug - Signed|x64
		{DAB16486-ED07-4D2D-8E09-DB259C583F02}.Debug - Signed|x86.ActiveCfg = Debug - Signed|x86
		{DAB16486-ED07-4D2D-8E09-DB259C583F02}.Debug - Signed|x86.Build.0 = Debug - Signed|x86
		{DAB16486-ED07-4D2D-8E09-DB259C583F02}.Debug|Any CPU.ActiveCfg = Debug|Any CPU
		{DAB16486-ED07-4D2D-8E09-DB259C583F02}.Debug|Any CPU.Build.0 = Debug|Any CPU
		{DAB16486-ED07-4D2D-8E09-DB259C583F02}.Debug|ARM.ActiveCfg = Debug|Any CPU
		{DAB16486-ED07-4D2D-8E09-DB259C583F02}.Debug|ARM.Build.0 = Debug|Any CPU
		{DAB16486-ED07-4D2D-8E09-DB259C583F02}.Debug|ARM64.ActiveCfg = Debug|Any CPU
		{DAB16486-ED07-4D2D-8E09-DB259C583F02}.Debug|ARM64.Build.0 = Debug|Any CPU
		{DAB16486-ED07-4D2D-8E09-DB259C583F02}.Debug|x64.ActiveCfg = Debug|x64
		{DAB16486-ED07-4D2D-8E09-DB259C583F02}.Debug|x64.Build.0 = Debug|x64
		{DAB16486-ED07-4D2D-8E09-DB259C583F02}.Debug|x86.ActiveCfg = Debug|x86
		{DAB16486-ED07-4D2D-8E09-DB259C583F02}.Debug|x86.Build.0 = Debug|x86
		{DAB16486-ED07-4D2D-8E09-DB259C583F02}.Release - Signed|Any CPU.ActiveCfg = Release - Signed|Any CPU
		{DAB16486-ED07-4D2D-8E09-DB259C583F02}.Release - Signed|Any CPU.Build.0 = Release - Signed|Any CPU
		{DAB16486-ED07-4D2D-8E09-DB259C583F02}.Release - Signed|ARM.ActiveCfg = Release - Signed|Any CPU
		{DAB16486-ED07-4D2D-8E09-DB259C583F02}.Release - Signed|ARM.Build.0 = Release - Signed|Any CPU
		{DAB16486-ED07-4D2D-8E09-DB259C583F02}.Release - Signed|ARM64.ActiveCfg = Release - Signed|Any CPU
		{DAB16486-ED07-4D2D-8E09-DB259C583F02}.Release - Signed|ARM64.Build.0 = Release - Signed|Any CPU
		{DAB16486-ED07-4D2D-8E09-DB259C583F02}.Release - Signed|x64.ActiveCfg = Release - Signed|x64
		{DAB16486-ED07-4D2D-8E09-DB259C583F02}.Release - Signed|x64.Build.0 = Release - Signed|x64
		{DAB16486-ED07-4D2D-8E09-DB259C583F02}.Release - Signed|x86.ActiveCfg = Release - Signed|x86
		{DAB16486-ED07-4D2D-8E09-DB259C583F02}.Release - Signed|x86.Build.0 = Release - Signed|x86
		{DAB16486-ED07-4D2D-8E09-DB259C583F02}.Release|Any CPU.ActiveCfg = Release|Any CPU
		{DAB16486-ED07-4D2D-8E09-DB259C583F02}.Release|Any CPU.Build.0 = Release|Any CPU
		{DAB16486-ED07-4D2D-8E09-DB259C583F02}.Release|ARM.ActiveCfg = Release|Any CPU
		{DAB16486-ED07-4D2D-8E09-DB259C583F02}.Release|ARM.Build.0 = Release|Any CPU
		{DAB16486-ED07-4D2D-8E09-DB259C583F02}.Release|ARM64.ActiveCfg = Release|Any CPU
		{DAB16486-ED07-4D2D-8E09-DB259C583F02}.Release|ARM64.Build.0 = Release|Any CPU
		{DAB16486-ED07-4D2D-8E09-DB259C583F02}.Release|x64.ActiveCfg = Release|x64
		{DAB16486-ED07-4D2D-8E09-DB259C583F02}.Release|x64.Build.0 = Release|x64
		{DAB16486-ED07-4D2D-8E09-DB259C583F02}.Release|x86.ActiveCfg = Release|x86
		{DAB16486-ED07-4D2D-8E09-DB259C583F02}.Release|x86.Build.0 = Release|x86
		{DAB16486-ED07-4D2D-8E09-DB259C583F02}.Release-PCL|Any CPU.ActiveCfg = Release-PCL|Any CPU
		{DAB16486-ED07-4D2D-8E09-DB259C583F02}.Release-PCL|Any CPU.Build.0 = Release-PCL|Any CPU
		{DAB16486-ED07-4D2D-8E09-DB259C583F02}.Release-PCL|ARM.ActiveCfg = Release-PCL|Any CPU
		{DAB16486-ED07-4D2D-8E09-DB259C583F02}.Release-PCL|ARM.Build.0 = Release-PCL|Any CPU
		{DAB16486-ED07-4D2D-8E09-DB259C583F02}.Release-PCL|ARM64.ActiveCfg = Release-PCL|Any CPU
		{DAB16486-ED07-4D2D-8E09-DB259C583F02}.Release-PCL|ARM64.Build.0 = Release-PCL|Any CPU
		{DAB16486-ED07-4D2D-8E09-DB259C583F02}.Release-PCL|x64.ActiveCfg = Release-PCL|x64
		{DAB16486-ED07-4D2D-8E09-DB259C583F02}.Release-PCL|x64.Build.0 = Release-PCL|x64
		{DAB16486-ED07-4D2D-8E09-DB259C583F02}.Release-PCL|x86.ActiveCfg = Release-PCL|x86
		{DAB16486-ED07-4D2D-8E09-DB259C583F02}.Release-PCL|x86.Build.0 = Release-PCL|x86
		{DF33E7D2-E0E3-4160-962B-509F1B68975E}.Debug - Signed|Any CPU.ActiveCfg = Debug|Win32
		{DF33E7D2-E0E3-4160-962B-509F1B68975E}.Debug - Signed|Any CPU.Build.0 = Debug|Win32
		{DF33E7D2-E0E3-4160-962B-509F1B68975E}.Debug - Signed|ARM.ActiveCfg = Release|Win32
		{DF33E7D2-E0E3-4160-962B-509F1B68975E}.Debug - Signed|ARM.Build.0 = Release|Win32
		{DF33E7D2-E0E3-4160-962B-509F1B68975E}.Debug - Signed|ARM64.ActiveCfg = Release|Win32
		{DF33E7D2-E0E3-4160-962B-509F1B68975E}.Debug - Signed|ARM64.Build.0 = Release|Win32
		{DF33E7D2-E0E3-4160-962B-509F1B68975E}.Debug - Signed|x64.ActiveCfg = Debug|x64
		{DF33E7D2-E0E3-4160-962B-509F1B68975E}.Debug - Signed|x64.Build.0 = Debug|x64
		{DF33E7D2-E0E3-4160-962B-509F1B68975E}.Debug - Signed|x86.ActiveCfg = Debug|Win32
		{DF33E7D2-E0E3-4160-962B-509F1B68975E}.Debug - Signed|x86.Build.0 = Debug|Win32
		{DF33E7D2-E0E3-4160-962B-509F1B68975E}.Debug|Any CPU.ActiveCfg = Debug|Win32
		{DF33E7D2-E0E3-4160-962B-509F1B68975E}.Debug|ARM.ActiveCfg = Debug|Win32
		{DF33E7D2-E0E3-4160-962B-509F1B68975E}.Debug|ARM64.ActiveCfg = Debug|Win32
		{DF33E7D2-E0E3-4160-962B-509F1B68975E}.Debug|x64.ActiveCfg = Debug|x64
		{DF33E7D2-E0E3-4160-962B-509F1B68975E}.Debug|x64.Build.0 = Debug|x64
		{DF33E7D2-E0E3-4160-962B-509F1B68975E}.Debug|x86.ActiveCfg = Debug|Win32
		{DF33E7D2-E0E3-4160-962B-509F1B68975E}.Debug|x86.Build.0 = Debug|Win32
		{DF33E7D2-E0E3-4160-962B-509F1B68975E}.Release - Signed|Any CPU.ActiveCfg = Debug|Win32
		{DF33E7D2-E0E3-4160-962B-509F1B68975E}.Release - Signed|Any CPU.Build.0 = Debug|Win32
		{DF33E7D2-E0E3-4160-962B-509F1B68975E}.Release - Signed|ARM.ActiveCfg = Release|Win32
		{DF33E7D2-E0E3-4160-962B-509F1B68975E}.Release - Signed|ARM.Build.0 = Release|Win32
		{DF33E7D2-E0E3-4160-962B-509F1B68975E}.Release - Signed|ARM64.ActiveCfg = Release|Win32
		{DF33E7D2-E0E3-4160-962B-509F1B68975E}.Release - Signed|ARM64.Build.0 = Release|Win32
		{DF33E7D2-E0E3-4160-962B-509F1B68975E}.Release - Signed|x64.ActiveCfg = Release|x64
		{DF33E7D2-E0E3-4160-962B-509F1B68975E}.Release - Signed|x64.Build.0 = Release|x64
		{DF33E7D2-E0E3-4160-962B-509F1B68975E}.Release - Signed|x86.ActiveCfg = Release|Win32
		{DF33E7D2-E0E3-4160-962B-509F1B68975E}.Release - Signed|x86.Build.0 = Release|Win32
		{DF33E7D2-E0E3-4160-962B-509F1B68975E}.Release|Any CPU.ActiveCfg = Release|Win32
		{DF33E7D2-E0E3-4160-962B-509F1B68975E}.Release|ARM.ActiveCfg = Release|Win32
		{DF33E7D2-E0E3-4160-962B-509F1B68975E}.Release|ARM64.ActiveCfg = Release|Win32
		{DF33E7D2-E0E3-4160-962B-509F1B68975E}.Release|x64.ActiveCfg = Release|x64
		{DF33E7D2-E0E3-4160-962B-509F1B68975E}.Release|x64.Build.0 = Release|x64
		{DF33E7D2-E0E3-4160-962B-509F1B68975E}.Release|x86.ActiveCfg = Release|Win32
		{DF33E7D2-E0E3-4160-962B-509F1B68975E}.Release|x86.Build.0 = Release|Win32
		{DF33E7D2-E0E3-4160-962B-509F1B68975E}.Release-PCL|Any CPU.ActiveCfg = Debug|Win32
		{DF33E7D2-E0E3-4160-962B-509F1B68975E}.Release-PCL|Any CPU.Build.0 = Debug|Win32
		{DF33E7D2-E0E3-4160-962B-509F1B68975E}.Release-PCL|ARM.ActiveCfg = Release|Win32
		{DF33E7D2-E0E3-4160-962B-509F1B68975E}.Release-PCL|ARM.Build.0 = Release|Win32
		{DF33E7D2-E0E3-4160-962B-509F1B68975E}.Release-PCL|ARM64.ActiveCfg = Release|Win32
		{DF33E7D2-E0E3-4160-962B-509F1B68975E}.Release-PCL|ARM64.Build.0 = Release|Win32
		{DF33E7D2-E0E3-4160-962B-509F1B68975E}.Release-PCL|x64.ActiveCfg = Release|x64
		{DF33E7D2-E0E3-4160-962B-509F1B68975E}.Release-PCL|x64.Build.0 = Release|x64
		{DF33E7D2-E0E3-4160-962B-509F1B68975E}.Release-PCL|x86.ActiveCfg = Release|Win32
		{DF33E7D2-E0E3-4160-962B-509F1B68975E}.Release-PCL|x86.Build.0 = Release|Win32
		{C0B28A84-0D60-4D27-8873-01FF9BF26E40}.Debug - Signed|Any CPU.ActiveCfg = Debug|Win32
		{C0B28A84-0D60-4D27-8873-01FF9BF26E40}.Debug - Signed|Any CPU.Build.0 = Debug|Win32
		{C0B28A84-0D60-4D27-8873-01FF9BF26E40}.Debug - Signed|ARM.ActiveCfg = Release|Win32
		{C0B28A84-0D60-4D27-8873-01FF9BF26E40}.Debug - Signed|ARM.Build.0 = Release|Win32
		{C0B28A84-0D60-4D27-8873-01FF9BF26E40}.Debug - Signed|ARM64.ActiveCfg = Release|Win32
		{C0B28A84-0D60-4D27-8873-01FF9BF26E40}.Debug - Signed|ARM64.Build.0 = Release|Win32
		{C0B28A84-0D60-4D27-8873-01FF9BF26E40}.Debug - Signed|x64.ActiveCfg = Debug|x64
		{C0B28A84-0D60-4D27-8873-01FF9BF26E40}.Debug - Signed|x64.Build.0 = Debug|x64
		{C0B28A84-0D60-4D27-8873-01FF9BF26E40}.Debug - Signed|x86.ActiveCfg = Debug|Win32
		{C0B28A84-0D60-4D27-8873-01FF9BF26E40}.Debug - Signed|x86.Build.0 = Debug|Win32
		{C0B28A84-0D60-4D27-8873-01FF9BF26E40}.Debug|Any CPU.ActiveCfg = Debug|Win32
		{C0B28A84-0D60-4D27-8873-01FF9BF26E40}.Debug|ARM.ActiveCfg = Debug|Win32
		{C0B28A84-0D60-4D27-8873-01FF9BF26E40}.Debug|ARM64.ActiveCfg = Debug|Win32
		{C0B28A84-0D60-4D27-8873-01FF9BF26E40}.Debug|x64.ActiveCfg = Debug|x64
		{C0B28A84-0D60-4D27-8873-01FF9BF26E40}.Debug|x64.Build.0 = Debug|x64
		{C0B28A84-0D60-4D27-8873-01FF9BF26E40}.Debug|x86.ActiveCfg = Debug|Win32
		{C0B28A84-0D60-4D27-8873-01FF9BF26E40}.Debug|x86.Build.0 = Debug|Win32
		{C0B28A84-0D60-4D27-8873-01FF9BF26E40}.Release - Signed|Any CPU.ActiveCfg = Debug|Win32
		{C0B28A84-0D60-4D27-8873-01FF9BF26E40}.Release - Signed|Any CPU.Build.0 = Debug|Win32
		{C0B28A84-0D60-4D27-8873-01FF9BF26E40}.Release - Signed|ARM.ActiveCfg = Release|Win32
		{C0B28A84-0D60-4D27-8873-01FF9BF26E40}.Release - Signed|ARM.Build.0 = Release|Win32
		{C0B28A84-0D60-4D27-8873-01FF9BF26E40}.Release - Signed|ARM64.ActiveCfg = Release|Win32
		{C0B28A84-0D60-4D27-8873-01FF9BF26E40}.Release - Signed|ARM64.Build.0 = Release|Win32
		{C0B28A84-0D60-4D27-8873-01FF9BF26E40}.Release - Signed|x64.ActiveCfg = Release|x64
		{C0B28A84-0D60-4D27-8873-01FF9BF26E40}.Release - Signed|x64.Build.0 = Release|x64
		{C0B28A84-0D60-4D27-8873-01FF9BF26E40}.Release - Signed|x86.ActiveCfg = Release|Win32
		{C0B28A84-0D60-4D27-8873-01FF9BF26E40}.Release - Signed|x86.Build.0 = Release|Win32
		{C0B28A84-0D60-4D27-8873-01FF9BF26E40}.Release|Any CPU.ActiveCfg = Release|Win32
		{C0B28A84-0D60-4D27-8873-01FF9BF26E40}.Release|ARM.ActiveCfg = Release|Win32
		{C0B28A84-0D60-4D27-8873-01FF9BF26E40}.Release|ARM64.ActiveCfg = Release|Win32
		{C0B28A84-0D60-4D27-8873-01FF9BF26E40}.Release|x64.ActiveCfg = Release|x64
		{C0B28A84-0D60-4D27-8873-01FF9BF26E40}.Release|x64.Build.0 = Release|x64
		{C0B28A84-0D60-4D27-8873-01FF9BF26E40}.Release|x86.ActiveCfg = Release|Win32
		{C0B28A84-0D60-4D27-8873-01FF9BF26E40}.Release|x86.Build.0 = Release|Win32
		{C0B28A84-0D60-4D27-8873-01FF9BF26E40}.Release-PCL|Any CPU.ActiveCfg = Debug|Win32
		{C0B28A84-0D60-4D27-8873-01FF9BF26E40}.Release-PCL|Any CPU.Build.0 = Debug|Win32
		{C0B28A84-0D60-4D27-8873-01FF9BF26E40}.Release-PCL|ARM.ActiveCfg = Release|Win32
		{C0B28A84-0D60-4D27-8873-01FF9BF26E40}.Release-PCL|ARM.Build.0 = Release|Win32
		{C0B28A84-0D60-4D27-8873-01FF9BF26E40}.Release-PCL|ARM64.ActiveCfg = Release|Win32
		{C0B28A84-0D60-4D27-8873-01FF9BF26E40}.Release-PCL|ARM64.Build.0 = Release|Win32
		{C0B28A84-0D60-4D27-8873-01FF9BF26E40}.Release-PCL|x64.ActiveCfg = Release|x64
		{C0B28A84-0D60-4D27-8873-01FF9BF26E40}.Release-PCL|x64.Build.0 = Release|x64
		{C0B28A84-0D60-4D27-8873-01FF9BF26E40}.Release-PCL|x86.ActiveCfg = Release|Win32
		{C0B28A84-0D60-4D27-8873-01FF9BF26E40}.Release-PCL|x86.Build.0 = Release|Win32
		{3FA6B524-925F-45EE-85C3-B7CA0522DE25}.Debug - Signed|Any CPU.ActiveCfg = Debug|Win32
		{3FA6B524-925F-45EE-85C3-B7CA0522DE25}.Debug - Signed|Any CPU.Build.0 = Debug|Win32
		{3FA6B524-925F-45EE-85C3-B7CA0522DE25}.Debug - Signed|Any CPU.Deploy.0 = Debug|Win32
		{3FA6B524-925F-45EE-85C3-B7CA0522DE25}.Debug - Signed|ARM.ActiveCfg = Debug|ARM
		{3FA6B524-925F-45EE-85C3-B7CA0522DE25}.Debug - Signed|ARM.Build.0 = Debug|ARM
		{3FA6B524-925F-45EE-85C3-B7CA0522DE25}.Debug - Signed|ARM.Deploy.0 = Debug|ARM
		{3FA6B524-925F-45EE-85C3-B7CA0522DE25}.Debug - Signed|ARM64.ActiveCfg = Debug|ARM64
		{3FA6B524-925F-45EE-85C3-B7CA0522DE25}.Debug - Signed|ARM64.Build.0 = Debug|ARM64
		{3FA6B524-925F-45EE-85C3-B7CA0522DE25}.Debug - Signed|ARM64.Deploy.0 = Debug|ARM64
		{3FA6B524-925F-45EE-85C3-B7CA0522DE25}.Debug - Signed|x64.ActiveCfg = Debug|x64
		{3FA6B524-925F-45EE-85C3-B7CA0522DE25}.Debug - Signed|x64.Build.0 = Debug|x64
		{3FA6B524-925F-45EE-85C3-B7CA0522DE25}.Debug - Signed|x64.Deploy.0 = Debug|x64
		{3FA6B524-925F-45EE-85C3-B7CA0522DE25}.Debug - Signed|x86.ActiveCfg = Debug|Win32
		{3FA6B524-925F-45EE-85C3-B7CA0522DE25}.Debug - Signed|x86.Build.0 = Debug|Win32
		{3FA6B524-925F-45EE-85C3-B7CA0522DE25}.Debug - Signed|x86.Deploy.0 = Debug|Win32
		{3FA6B524-925F-45EE-85C3-B7CA0522DE25}.Debug|Any CPU.ActiveCfg = Debug|Win32
		{3FA6B524-925F-45EE-85C3-B7CA0522DE25}.Debug|ARM.ActiveCfg = Debug|ARM
		{3FA6B524-925F-45EE-85C3-B7CA0522DE25}.Debug|ARM.Build.0 = Debug|ARM
		{3FA6B524-925F-45EE-85C3-B7CA0522DE25}.Debug|ARM.Deploy.0 = Debug|ARM
		{3FA6B524-925F-45EE-85C3-B7CA0522DE25}.Debug|ARM64.ActiveCfg = Debug|ARM64
		{3FA6B524-925F-45EE-85C3-B7CA0522DE25}.Debug|ARM64.Build.0 = Debug|ARM64
		{3FA6B524-925F-45EE-85C3-B7CA0522DE25}.Debug|ARM64.Deploy.0 = Debug|ARM64
		{3FA6B524-925F-45EE-85C3-B7CA0522DE25}.Debug|x64.ActiveCfg = Debug|x64
		{3FA6B524-925F-45EE-85C3-B7CA0522DE25}.Debug|x64.Build.0 = Debug|x64
		{3FA6B524-925F-45EE-85C3-B7CA0522DE25}.Debug|x64.Deploy.0 = Debug|x64
		{3FA6B524-925F-45EE-85C3-B7CA0522DE25}.Debug|x86.ActiveCfg = Debug|Win32
		{3FA6B524-925F-45EE-85C3-B7CA0522DE25}.Debug|x86.Build.0 = Debug|Win32
		{3FA6B524-925F-45EE-85C3-B7CA0522DE25}.Debug|x86.Deploy.0 = Debug|Win32
		{3FA6B524-925F-45EE-85C3-B7CA0522DE25}.Release - Signed|Any CPU.ActiveCfg = Debug|Win32
		{3FA6B524-925F-45EE-85C3-B7CA0522DE25}.Release - Signed|Any CPU.Build.0 = Debug|Win32
		{3FA6B524-925F-45EE-85C3-B7CA0522DE25}.Release - Signed|Any CPU.Deploy.0 = Debug|Win32
		{3FA6B524-925F-45EE-85C3-B7CA0522DE25}.Release - Signed|ARM.ActiveCfg = Release|ARM
		{3FA6B524-925F-45EE-85C3-B7CA0522DE25}.Release - Signed|ARM.Build.0 = Release|ARM
		{3FA6B524-925F-45EE-85C3-B7CA0522DE25}.Release - Signed|ARM.Deploy.0 = Release|ARM
		{3FA6B524-925F-45EE-85C3-B7CA0522DE25}.Release - Signed|ARM64.ActiveCfg = Release|ARM64
		{3FA6B524-925F-45EE-85C3-B7CA0522DE25}.Release - Signed|ARM64.Build.0 = Release|ARM64
		{3FA6B524-925F-45EE-85C3-B7CA0522DE25}.Release - Signed|ARM64.Deploy.0 = Release|ARM64
		{3FA6B524-925F-45EE-85C3-B7CA0522DE25}.Release - Signed|x64.ActiveCfg = Release|x64
		{3FA6B524-925F-45EE-85C3-B7CA0522DE25}.Release - Signed|x64.Build.0 = Release|x64
		{3FA6B524-925F-45EE-85C3-B7CA0522DE25}.Release - Signed|x64.Deploy.0 = Release|x64
		{3FA6B524-925F-45EE-85C3-B7CA0522DE25}.Release - Signed|x86.ActiveCfg = Release|Win32
		{3FA6B524-925F-45EE-85C3-B7CA0522DE25}.Release - Signed|x86.Build.0 = Release|Win32
		{3FA6B524-925F-45EE-85C3-B7CA0522DE25}.Release - Signed|x86.Deploy.0 = Release|Win32
		{3FA6B524-925F-45EE-85C3-B7CA0522DE25}.Release|Any CPU.ActiveCfg = Release|Win32
		{3FA6B524-925F-45EE-85C3-B7CA0522DE25}.Release|ARM.ActiveCfg = Release|ARM
		{3FA6B524-925F-45EE-85C3-B7CA0522DE25}.Release|ARM.Build.0 = Release|ARM
		{3FA6B524-925F-45EE-85C3-B7CA0522DE25}.Release|ARM.Deploy.0 = Release|ARM
		{3FA6B524-925F-45EE-85C3-B7CA0522DE25}.Release|ARM64.ActiveCfg = Release|ARM64
		{3FA6B524-925F-45EE-85C3-B7CA0522DE25}.Release|ARM64.Build.0 = Release|ARM64
		{3FA6B524-925F-45EE-85C3-B7CA0522DE25}.Release|ARM64.Deploy.0 = Release|ARM64
		{3FA6B524-925F-45EE-85C3-B7CA0522DE25}.Release|x64.ActiveCfg = Release|x64
		{3FA6B524-925F-45EE-85C3-B7CA0522DE25}.Release|x64.Build.0 = Release|x64
		{3FA6B524-925F-45EE-85C3-B7CA0522DE25}.Release|x86.ActiveCfg = Release|Win32
		{3FA6B524-925F-45EE-85C3-B7CA0522DE25}.Release|x86.Build.0 = Release|Win32
		{3FA6B524-925F-45EE-85C3-B7CA0522DE25}.Release|x86.Deploy.0 = Release|Win32
		{3FA6B524-925F-45EE-85C3-B7CA0522DE25}.Release-PCL|Any CPU.ActiveCfg = Debug|Win32
		{3FA6B524-925F-45EE-85C3-B7CA0522DE25}.Release-PCL|Any CPU.Build.0 = Debug|Win32
		{3FA6B524-925F-45EE-85C3-B7CA0522DE25}.Release-PCL|Any CPU.Deploy.0 = Debug|Win32
		{3FA6B524-925F-45EE-85C3-B7CA0522DE25}.Release-PCL|ARM.ActiveCfg = Release|ARM
		{3FA6B524-925F-45EE-85C3-B7CA0522DE25}.Release-PCL|ARM.Build.0 = Release|ARM
		{3FA6B524-925F-45EE-85C3-B7CA0522DE25}.Release-PCL|ARM.Deploy.0 = Release|ARM
		{3FA6B524-925F-45EE-85C3-B7CA0522DE25}.Release-PCL|ARM64.ActiveCfg = Release|ARM64
		{3FA6B524-925F-45EE-85C3-B7CA0522DE25}.Release-PCL|ARM64.Build.0 = Release|ARM64
		{3FA6B524-925F-45EE-85C3-B7CA0522DE25}.Release-PCL|ARM64.Deploy.0 = Release|ARM64
		{3FA6B524-925F-45EE-85C3-B7CA0522DE25}.Release-PCL|x64.ActiveCfg = Release|x64
		{3FA6B524-925F-45EE-85C3-B7CA0522DE25}.Release-PCL|x64.Build.0 = Release|x64
		{3FA6B524-925F-45EE-85C3-B7CA0522DE25}.Release-PCL|x64.Deploy.0 = Release|x64
		{3FA6B524-925F-45EE-85C3-B7CA0522DE25}.Release-PCL|x86.ActiveCfg = Release|Win32
		{3FA6B524-925F-45EE-85C3-B7CA0522DE25}.Release-PCL|x86.Build.0 = Release|Win32
		{3FA6B524-925F-45EE-85C3-B7CA0522DE25}.Release-PCL|x86.Deploy.0 = Release|Win32
	EndGlobalSection
	GlobalSection(SolutionProperties) = preSolution
		HideSolutionNode = FALSE
	EndGlobalSection
	GlobalSection(ExtensibilityGlobals) = postSolution
		SolutionGuid = {34A588E8-E586-40A8-9A94-28008A9BFA24}
	EndGlobalSection
EndGlobal
